
Microsoft Visual Studio Solution File, Format Version 12.00
# Visual Studio 15
VisualStudioVersion = 15.0.27130.2010
MinimumVisualStudioVersion = 10.0.40219.1
Project("{FAE04EC0-301F-11D3-BF4B-00C04F79EFBC}") = "AudioTest.Android", "AudioTest\AudioTest.Android\AudioTest.Android.csproj", "{62A21484-3822-46EF-8B43-AC6DE239905B}"
EndProject
Project("{FAE04EC0-301F-11D3-BF4B-00C04F79EFBC}") = "AudioTest.iOS", "AudioTest\AudioTest.iOS\AudioTest.iOS.csproj", "{1AB860AC-D990-449A-8EA4-99A161E38FB4}"
EndProject
Project("{FAE04EC0-301F-11D3-BF4B-00C04F79EFBC}") = "AudioTest", "AudioTest\AudioTest\AudioTest.csproj", "{B5C2AFC1-7129-4777-8601-58CD4C9A78A7}"
EndProject
Global
	GlobalSection(SolutionConfigurationPlatforms) = preSolution
		Ad-Hoc|Any CPU = Ad-Hoc|Any CPU
		Ad-Hoc|iPhone = Ad-Hoc|iPhone
		Ad-Hoc|iPhoneSimulator = Ad-Hoc|iPhoneSimulator
		AppStore|Any CPU = AppStore|Any CPU
		AppStore|iPhone = AppStore|iPhone
		AppStore|iPhoneSimulator = AppStore|iPhoneSimulator
		Debug|Any CPU = Debug|Any CPU
		Debug|iPhone = Debug|iPhone
		Debug|iPhoneSimulator = Debug|iPhoneSimulator
		Release|Any CPU = Release|Any CPU
		Release|iPhone = Release|iPhone
		Release|iPhoneSimulator = Release|iPhoneSimulator
	EndGlobalSection
	GlobalSection(ProjectConfigurationPlatforms) = postSolution
		{62A21484-3822-46EF-8B43-AC6DE239905B}.Ad-Hoc|Any CPU.ActiveCfg = Release|Any CPU
		{62A21484-3822-46EF-8B43-AC6DE239905B}.Ad-Hoc|Any CPU.Build.0 = Release|Any CPU
		{62A21484-3822-46EF-8B43-AC6DE239905B}.Ad-Hoc|Any CPU.Deploy.0 = Release|Any CPU
		{62A21484-3822-46EF-8B43-AC6DE239905B}.Ad-Hoc|iPhone.ActiveCfg = Release|Any CPU
		{62A21484-3822-46EF-8B43-AC6DE239905B}.Ad-Hoc|iPhone.Build.0 = Release|Any CPU
		{62A21484-3822-46EF-8B43-AC6DE239905B}.Ad-Hoc|iPhone.Deploy.0 = Release|Any CPU
		{62A21484-3822-46EF-8B43-AC6DE239905B}.Ad-Hoc|iPhoneSimulator.ActiveCfg = Release|Any CPU
		{62A21484-3822-46EF-8B43-AC6DE239905B}.Ad-Hoc|iPhoneSimulator.Build.0 = Release|Any CPU
		{62A21484-3822-46EF-8B43-AC6DE239905B}.Ad-Hoc|iPhoneSimulator.Deploy.0 = Release|Any CPU
		{62A21484-3822-46EF-8B43-AC6DE239905B}.AppStore|Any CPU.ActiveCfg = Release|Any CPU
		{62A21484-3822-46EF-8B43-AC6DE239905B}.AppStore|Any CPU.Build.0 = Release|Any CPU
		{62A21484-3822-46EF-8B43-AC6DE239905B}.AppStore|Any CPU.Deploy.0 = Release|Any CPU
		{62A21484-3822-46EF-8B43-AC6DE239905B}.AppStore|iPhone.ActiveCfg = Release|Any CPU
		{62A21484-3822-46EF-8B43-AC6DE239905B}.AppStore|iPhone.Build.0 = Release|Any CPU
		{62A21484-3822-46EF-8B43-AC6DE239905B}.AppStore|iPhone.Deploy.0 = Release|Any CPU
		{62A21484-3822-46EF-8B43-AC6DE239905B}.AppStore|iPhoneSimulator.ActiveCfg = Release|Any CPU
		{62A21484-3822-46EF-8B43-AC6DE239905B}.AppStore|iPhoneSimulator.Build.0 = Release|Any CPU
		{62A21484-3822-46EF-8B43-AC6DE239905B}.AppStore|iPhoneSimulator.Deploy.0 = Release|Any CPU
		{62A21484-3822-46EF-8B43-AC6DE239905B}.Debug|Any CPU.ActiveCfg = Debug|Any CPU
		{62A21484-3822-46EF-8B43-AC6DE239905B}.Debug|Any CPU.Build.0 = Debug|Any CPU
		{62A21484-3822-46EF-8B43-AC6DE239905B}.Debug|Any CPU.Deploy.0 = Debug|Any CPU
		{62A21484-3822-46EF-8B43-AC6DE239905B}.Debug|iPhone.ActiveCfg = Debug|Any CPU
		{62A21484-3822-46EF-8B43-AC6DE239905B}.Debug|iPhoneSimulator.ActiveCfg = Debug|Any CPU
		{62A21484-3822-46EF-8B43-AC6DE239905B}.Debug|iPhoneSimulator.Build.0 = Debug|Any CPU
		{62A21484-3822-46EF-8B43-AC6DE239905B}.Debug|iPhoneSimulator.Deploy.0 = Debug|Any CPU
		{62A21484-3822-46EF-8B43-AC6DE239905B}.Release|Any CPU.ActiveCfg = Release|Any CPU
		{62A21484-3822-46EF-8B43-AC6DE239905B}.Release|Any CPU.Build.0 = Release|Any CPU
		{62A21484-3822-46EF-8B43-AC6DE239905B}.Release|Any CPU.Deploy.0 = Release|Any CPU
		{62A21484-3822-46EF-8B43-AC6DE239905B}.Release|iPhone.ActiveCfg = Release|Any CPU
		{62A21484-3822-46EF-8B43-AC6DE239905B}.Release|iPhone.Build.0 = Release|Any CPU
		{62A21484-3822-46EF-8B43-AC6DE239905B}.Release|iPhone.Deploy.0 = Release|Any CPU
		{62A21484-3822-46EF-8B43-AC6DE239905B}.Release|iPhoneSimulator.ActiveCfg = Release|Any CPU
		{62A21484-3822-46EF-8B43-AC6DE239905B}.Release|iPhoneSimulator.Build.0 = Release|Any CPU
		{62A21484-3822-46EF-8B43-AC6DE239905B}.Release|iPhoneSimulator.Deploy.0 = Release|Any CPU
		{1AB860AC-D990-449A-8EA4-99A161E38FB4}.Ad-Hoc|Any CPU.ActiveCfg = Ad-Hoc|iPhone
		{1AB860AC-D990-449A-8EA4-99A161E38FB4}.Ad-Hoc|iPhone.ActiveCfg = Ad-Hoc|iPhone
		{1AB860AC-D990-449A-8EA4-99A161E38FB4}.Ad-Hoc|iPhone.Build.0 = Ad-Hoc|iPhone
		{1AB860AC-D990-449A-8EA4-99A161E38FB4}.Ad-Hoc|iPhoneSimulator.ActiveCfg = Ad-Hoc|iPhoneSimulator
		{1AB860AC-D990-449A-8EA4-99A161E38FB4}.Ad-Hoc|iPhoneSimulator.Build.0 = Ad-Hoc|iPhoneSimulator
		{1AB860AC-D990-449A-8EA4-99A161E38FB4}.AppStore|Any CPU.ActiveCfg = AppStore|iPhone
		{1AB860AC-D990-449A-8EA4-99A161E38FB4}.AppStore|iPhone.ActiveCfg = AppStore|iPhone
		{1AB860AC-D990-449A-8EA4-99A161E38FB4}.AppStore|iPhone.Build.0 = AppStore|iPhone
		{1AB860AC-D990-449A-8EA4-99A161E38FB4}.AppStore|iPhoneSimulator.ActiveCfg = AppStore|iPhoneSimulator
		{1AB860AC-D990-449A-8EA4-99A161E38FB4}.AppStore|iPhoneSimulator.Build.0 = AppStore|iPhoneSimulator
		{1AB860AC-D990-449A-8EA4-99A161E38FB4}.Debug|Any CPU.ActiveCfg = Debug|iPhone
		{1AB860AC-D990-449A-8EA4-99A161E38FB4}.Debug|iPhone.ActiveCfg = Debug|iPhone
		{1AB860AC-D990-449A-8EA4-99A161E38FB4}.Debug|iPhone.Build.0 = Debug|iPhone
		{1AB860AC-D990-449A-8EA4-99A161E38FB4}.Debug|iPhoneSimulator.ActiveCfg = Debug|iPhoneSimulator
		{1AB860AC-D990-449A-8EA4-99A161E38FB4}.Debug|iPhoneSimulator.Build.0 = Debug|iPhoneSimulator
		{1AB860AC-D990-449A-8EA4-99A161E38FB4}.Release|Any CPU.ActiveCfg = Release|iPhone
		{1AB860AC-D990-449A-8EA4-99A161E38FB4}.Release|iPhone.ActiveCfg = Release|iPhone
		{1AB860AC-D990-449A-8EA4-99A161E38FB4}.Release|iPhone.Build.0 = Release|iPhone
		{1AB860AC-D990-449A-8EA4-99A161E38FB4}.Release|iPhoneSimulator.ActiveCfg = Release|iPhoneSimulator
		{1AB860AC-D990-449A-8EA4-99A161E38FB4}.Release|iPhoneSimulator.Build.0 = Release|iPhoneSimulator
		{B5C2AFC1-7129-4777-8601-58CD4C9A78A7}.Ad-Hoc|Any CPU.ActiveCfg = Debug|Any CPU
		{B5C2AFC1-7129-4777-8601-58CD4C9A78A7}.Ad-Hoc|Any CPU.Build.0 = Debug|Any CPU
		{B5C2AFC1-7129-4777-8601-58CD4C9A78A7}.Ad-Hoc|iPhone.ActiveCfg = Debug|Any CPU
		{B5C2AFC1-7129-4777-8601-58CD4C9A78A7}.Ad-Hoc|iPhone.Build.0 = Debug|Any CPU
		{B5C2AFC1-7129-4777-8601-58CD4C9A78A7}.Ad-Hoc|iPhoneSimulator.ActiveCfg = Debug|Any CPU
		{B5C2AFC1-7129-4777-8601-58CD4C9A78A7}.Ad-Hoc|iPhoneSimulator.Build.0 = Debug|Any CPU
		{B5C2AFC1-7129-4777-8601-58CD4C9A78A7}.AppStore|Any CPU.ActiveCfg = Debug|Any CPU
		{B5C2AFC1-7129-4777-8601-58CD4C9A78A7}.AppStore|Any CPU.Build.0 = Debug|Any CPU
		{B5C2AFC1-7129-4777-8601-58CD4C9A78A7}.AppStore|iPhone.ActiveCfg = Debug|Any CPU
		{B5C2AFC1-7129-4777-8601-58CD4C9A78A7}.AppStore|iPhone.Build.0 = Debug|Any CPU
		{B5C2AFC1-7129-4777-8601-58CD4C9A78A7}.AppStore|iPhoneSimulator.ActiveCfg = Debug|Any CPU
		{B5C2AFC1-7129-4777-8601-58CD4C9A78A7}.AppStore|iPhoneSimulator.Build.0 = Debug|Any CPU
		{B5C2AFC1-7129-4777-8601-58CD4C9A78A7}.Debug|Any CPU.ActiveCfg = Debug|Any CPU
		{B5C2AFC1-7129-4777-8601-58CD4C9A78A7}.Debug|Any CPU.Build.0 = Debug|Any CPU
		{B5C2AFC1-7129-4777-8601-58CD4C9A78A7}.Debug|iPhone.ActiveCfg = Debug|Any CPU
		{B5C2AFC1-7129-4777-8601-58CD4C9A78A7}.Debug|iPhone.Build.0 = Debug|Any CPU
		{B5C2AFC1-7129-4777-8601-58CD4C9A78A7}.Debug|iPhoneSimulator.ActiveCfg = Debug|Any CPU
		{B5C2AFC1-7129-4777-8601-58CD4C9A78A7}.Debug|iPhoneSimulator.Build.0 = Debug|Any CPU
		{B5C2AFC1-7129-4777-8601-58CD4C9A78A7}.Release|Any CPU.ActiveCfg = Release|Any CPU
		{B5C2AFC1-7129-4777-8601-58CD4C9A78A7}.Release|Any CPU.Build.0 = Release|Any CPU
		{B5C2AFC1-7129-4777-8601-58CD4C9A78A7}.Release|iPhone.ActiveCfg = Release|Any CPU
		{B5C2AFC1-7129-4777-8601-58CD4C9A78A7}.Release|iPhone.Build.0 = Release|Any CPU
		{B5C2AFC1-7129-4777-8601-58CD4C9A78A7}.Release|iPhoneSimulator.ActiveCfg = Release|Any CPU
		{B5C2AFC1-7129-4777-8601-58CD4C9A78A7}.Release|iPhoneSimulator.Build.0 = Release|Any CPU
	EndGlobalSection
	GlobalSection(SolutionProperties) = preSolution
		HideSolutionNode = FALSE
	EndGlobalSection
	GlobalSection(ExtensibilityGlobals) = postSolution
		SolutionGuid = {C02E5757-7031-4E89-98B2-3172249A3C22}
	EndGlobalSection
EndGlobal
